{
  "originHash" : "fcb581df505a94ca4216ef2a9356f6bf764d45c48e3c53d1b94cb276f462b779",
  "pins" : [
    {
      "identity" : "mlx-swift",
      "kind" : "remoteSourceControl",
      "location" : "https://github.com/TheTom/mlx-swift.git",
      "state" : {
        "branch" : "vllm-swift-stable",
        "revision" : "6859396e3c2b8b4e578e88b45c813c8d54e6d5e0"
      }
    },
    {
      "identity" : "mlx-swift-lm",
      "kind" : "remoteSourceControl",
      "location" : "https://github.com/TheTom/mlx-swift-lm.git",
      "state" : {
        "branch" : "vllm-swift-stable",
        "revision" : "fd16163ab58304195a2ed1bd602e2f57e6b55f2f"
      }
    },
    {
      "identity" : "swift-numerics",
      "kind" : "remoteSourceControl",
      "location" : "https://github.com/apple/swift-numerics",
      "state" : {
        "revision" : "0c0290ff6b24942dadb83a929ffaaa1481df04a2",
        "version" : "1.1.1"
      }
    },
    {
      "identity" : "swift-syntax",
      "kind" : "remoteSourceControl",
      "location" : "https://github.com/swiftlang/swift-syntax.git",
      "state" : {
        "revision" : "9de99a78f099e59caf2b2beec65a4c45d54b2081",
        "version" : "603.0.1"
      }
    }
  ],
  "version" : 3
}
