{
  "originHash" : "99d2cc4dcd21798266ae5cd765cb2dbe8c0934a8bd5a3ef0aeda11e0328a613c",
  "pins" : [
    {
      "identity" : "mlx-swift",
      "kind" : "remoteSourceControl",
      "location" : "https://github.com/ekryski/mlx-swift",
      "state" : {
        "branch" : "alpha",
        "revision" : "8ae1a12754ea8902c1f19e9e1905e957cdcc2065"
      }
    },
    {
      "identity" : "mlx-swift-lm",
      "kind" : "remoteSourceControl",
      "location" : "https://github.com/TheTom/mlx-swift-lm.git",
      "state" : {
        "branch" : "alpha",
        "revision" : "3cf0b948096c5e9b1001250fdff33df1333c37ab"
      }
    },
    {
      "identity" : "swift-numerics",
      "kind" : "remoteSourceControl",
      "location" : "https://github.com/apple/swift-numerics",
      "state" : {
        "revision" : "0c0290ff6b24942dadb83a929ffaaa1481df04a2",
        "version" : "1.1.1"
      }
    },
    {
      "identity" : "swift-syntax",
      "kind" : "remoteSourceControl",
      "location" : "https://github.com/swiftlang/swift-syntax.git",
      "state" : {
        "revision" : "0687f71944021d616d34d922343dcef086855920",
        "version" : "600.0.1"
      }
    }
  ],
  "version" : 3
}
